
Microsoft Visual Studio Solution File, Format Version 12.00
# Visual Studio 14
VisualStudioVersion = 14.0.25420.1
MinimumVisualStudioVersion = 10.0.40219.1
Project("{FAE04EC0-301F-11D3-BF4B-00C04F79EFBC}") = "MyFristWinForm", "MyFristWinForm\MyFristWinForm.csproj", "{D851D6A7-0D90-4573-ACFB-5D099CEEE980}"
EndProject
Project("{FAE04EC0-301F-11D3-BF4B-00C04F79EFBC}") = "SimpleCalculator02", "SimpleCalculator02\SimpleCalculator02.csproj", "{95CB74B9-285F-446D-AD52-EF56F47E30C5}"
EndProject
Project("{FAE04EC0-301F-11D3-BF4B-00C04F79EFBC}") = "SimpleCalculator03", "SimpleCalculator03\SimpleCalculator03.csproj", "{58513AD9-5CCC-4A7F-9A86-040B7733C946}"
EndProject
Project("{FAE04EC0-301F-11D3-BF4B-00C04F79EFBC}") = "BMI", "BMI\BMI.csproj", "{3AC0621F-8C5F-43FE-B4F0-3D5A565F1F19}"
EndProject
Global
	GlobalSection(SolutionConfigurationPlatforms) = preSolution
		Debug|Any CPU = Debug|Any CPU
		Release|Any CPU = Release|Any CPU
	EndGlobalSection
	GlobalSection(ProjectConfigurationPlatforms) = postSolution
		{D851D6A7-0D90-4573-ACFB-5D099CEEE980}.Debug|Any CPU.ActiveCfg = Debug|Any CPU
		{D851D6A7-0D90-4573-ACFB-5D099CEEE980}.Debug|Any CPU.Build.0 = Debug|Any CPU
		{D851D6A7-0D90-4573-ACFB-5D099CEEE980}.Release|Any CPU.ActiveCfg = Release|Any CPU
		{D851D6A7-0D90-4573-ACFB-5D099CEEE980}.Release|Any CPU.Build.0 = Release|Any CPU
		{95CB74B9-285F-446D-AD52-EF56F47E30C5}.Debug|Any CPU.ActiveCfg = Debug|Any CPU
		{95CB74B9-285F-446D-AD52-EF56F47E30C5}.Debug|Any CPU.Build.0 = Debug|Any CPU
		{95CB74B9-285F-446D-AD52-EF56F47E30C5}.Release|Any CPU.ActiveCfg = Release|Any CPU
		{95CB74B9-285F-446D-AD52-EF56F47E30C5}.Release|Any CPU.Build.0 = Release|Any CPU
		{58513AD9-5CCC-4A7F-9A86-040B7733C946}.Debug|Any CPU.ActiveCfg = Debug|Any CPU
		{58513AD9-5CCC-4A7F-9A86-040B7733C946}.Debug|Any CPU.Build.0 = Debug|Any CPU
		{58513AD9-5CCC-4A7F-9A86-040B7733C946}.Release|Any CPU.ActiveCfg = Release|Any CPU
		{58513AD9-5CCC-4A7F-9A86-040B7733C946}.Release|Any CPU.Build.0 = Release|Any CPU
		{3AC0621F-8C5F-43FE-B4F0-3D5A565F1F19}.Debug|Any CPU.ActiveCfg = Debug|Any CPU
		{3AC0621F-8C5F-43FE-B4F0-3D5A565F1F19}.Debug|Any CPU.Build.0 = Debug|Any CPU
		{3AC0621F-8C5F-43FE-B4F0-3D5A565F1F19}.Release|Any CPU.ActiveCfg = Release|Any CPU
		{3AC0621F-8C5F-43FE-B4F0-3D5A565F1F19}.Release|Any CPU.Build.0 = Release|Any CPU
	EndGlobalSection
	GlobalSection(SolutionProperties) = preSolution
		HideSolutionNode = FALSE
	EndGlobalSection
EndGlobal
